
Microsoft Visual Studio Solution File, Format Version 12.00
# Visual Studio Version 17
VisualStudioVersion = 17.2.32526.322
MinimumVisualStudioVersion = 10.0.40219.1
Project("{9A19103F-16F7-4668-BE54-9A1E7A4F7556}") = "4-1-4", "SkillFactoryModule4\4-1-4.csproj", "{32795A42-6C08-4833-A6C0-ADAE39AD625E}"
EndProject
Project("{9A19103F-16F7-4668-BE54-9A1E7A4F7556}") = "4-1-5", "4-1-5\4-1-5.csproj", "{30087E3B-5E61-4E29-BA75-CFE6C38DAD00}"
EndProject
Project("{9A19103F-16F7-4668-BE54-9A1E7A4F7556}") = "4-1-12", "4-1-12\4-1-12.csproj", "{A74D60A5-2069-4BDC-B124-4815B72C4F3C}"
EndProject
Project("{9A19103F-16F7-4668-BE54-9A1E7A4F7556}") = "4-1-17", "4-1-17\4-1-17.csproj", "{7D4CE113-5658-4966-8332-D792032B2955}"
EndProject
Project("{9A19103F-16F7-4668-BE54-9A1E7A4F7556}") = "4-2-11", "4-2-11\4-2-11.csproj", "{CDD3180F-5E86-4486-8B18-3144CA3C815B}"
EndProject
Project("{9A19103F-16F7-4668-BE54-9A1E7A4F7556}") = "4-2-13", "4-2-13\4-2-13.csproj", "{6415ADF5-CE90-4143-BA9E-D1AB52D56C97}"
EndProject
Project("{9A19103F-16F7-4668-BE54-9A1E7A4F7556}") = "4-3-7", "4-3-7\4-3-7.csproj", "{AA246681-A3A0-4B70-A825-C05C481C7D08}"
EndProject
Project("{9A19103F-16F7-4668-BE54-9A1E7A4F7556}") = "4-3-11", "4-3-11\4-3-11.csproj", "{FFC8456C-503D-4F91-92F2-84E00CB96DFD}"
EndProject
Project("{9A19103F-16F7-4668-BE54-9A1E7A4F7556}") = "4-3-12", "4-3-12\4-3-12.csproj", "{49555753-11B8-40AC-B5E8-9B0CE350CBD6}"
EndProject
Project("{9A19103F-16F7-4668-BE54-9A1E7A4F7556}") = "4-3-13", "4-3-13\4-3-13.csproj", "{469FF5B5-5987-4D2C-A04A-A48CCD74887B}"
EndProject
Project("{9A19103F-16F7-4668-BE54-9A1E7A4F7556}") = "4-3-14", "4-3-14\4-3-14.csproj", "{9DCFBF34-10D5-43C2-BE75-2A1C969667F7}"
EndProject
Project("{9A19103F-16F7-4668-BE54-9A1E7A4F7556}") = "4-3-15", "4-3-15\4-3-15.csproj", "{1CE548C8-BEEC-4C04-AD6D-F8E74E936471}"
EndProject
Project("{9A19103F-16F7-4668-BE54-9A1E7A4F7556}") = "4-3-16", "4-3-16\4-3-16.csproj", "{C4A1C1CE-08E9-4838-AFE0-8A278FE16BB8}"
EndProject
Project("{9A19103F-16F7-4668-BE54-9A1E7A4F7556}") = "4-3-17", "4-3-17\4-3-17.csproj", "{159E599E-02BB-43B3-ADA5-D6B5936C361F}"
EndProject
Project("{FAE04EC0-301F-11D3-BF4B-00C04F79EFBC}") = "4-4-2", "4-4-2\4-4-2.csproj", "{ABD8B3E0-8102-4DFF-895B-33596608937E}"
EndProject
Project("{FAE04EC0-301F-11D3-BF4B-00C04F79EFBC}") = "4-4-3", "4-4-3\4-4-3.csproj", "{96D71D9D-EF93-4E38-843B-6A0F9E18DBF9}"
EndProject
Project("{FAE04EC0-301F-11D3-BF4B-00C04F79EFBC}") = "4-4-5", "4-4-5\4-4-5.csproj", "{F92BF427-363D-458E-816C-39BD17D104BD}"
EndProject
Project("{FAE04EC0-301F-11D3-BF4B-00C04F79EFBC}") = "4-5", "4-5\4-5.csproj", "{CC01EB42-9B54-42DC-8A9E-109F2F1AB326}"
EndProject
Global
	GlobalSection(SolutionConfigurationPlatforms) = preSolution
		Debug|Any CPU = Debug|Any CPU
		Release|Any CPU = Release|Any CPU
	EndGlobalSection
	GlobalSection(ProjectConfigurationPlatforms) = postSolution
		{32795A42-6C08-4833-A6C0-ADAE39AD625E}.Debug|Any CPU.ActiveCfg = Debug|Any CPU
		{32795A42-6C08-4833-A6C0-ADAE39AD625E}.Debug|Any CPU.Build.0 = Debug|Any CPU
		{32795A42-6C08-4833-A6C0-ADAE39AD625E}.Release|Any CPU.ActiveCfg = Release|Any CPU
		{32795A42-6C08-4833-A6C0-ADAE39AD625E}.Release|Any CPU.Build.0 = Release|Any CPU
		{30087E3B-5E61-4E29-BA75-CFE6C38DAD00}.Debug|Any CPU.ActiveCfg = Debug|Any CPU
		{30087E3B-5E61-4E29-BA75-CFE6C38DAD00}.Debug|Any CPU.Build.0 = Debug|Any CPU
		{30087E3B-5E61-4E29-BA75-CFE6C38DAD00}.Release|Any CPU.ActiveCfg = Release|Any CPU
		{30087E3B-5E61-4E29-BA75-CFE6C38DAD00}.Release|Any CPU.Build.0 = Release|Any CPU
		{A74D60A5-2069-4BDC-B124-4815B72C4F3C}.Debug|Any CPU.ActiveCfg = Debug|Any CPU
		{A74D60A5-2069-4BDC-B124-4815B72C4F3C}.Debug|Any CPU.Build.0 = Debug|Any CPU
		{A74D60A5-2069-4BDC-B124-4815B72C4F3C}.Release|Any CPU.ActiveCfg = Release|Any CPU
		{A74D60A5-2069-4BDC-B124-4815B72C4F3C}.Release|Any CPU.Build.0 = Release|Any CPU
		{7D4CE113-5658-4966-8332-D792032B2955}.Debug|Any CPU.ActiveCfg = Debug|Any CPU
		{7D4CE113-5658-4966-8332-D792032B2955}.Debug|Any CPU.Build.0 = Debug|Any CPU
		{7D4CE113-5658-4966-8332-D792032B2955}.Release|Any CPU.ActiveCfg = Release|Any CPU
		{7D4CE113-5658-4966-8332-D792032B2955}.Release|Any CPU.Build.0 = Release|Any CPU
		{CDD3180F-5E86-4486-8B18-3144CA3C815B}.Debug|Any CPU.ActiveCfg = Debug|Any CPU
		{CDD3180F-5E86-4486-8B18-3144CA3C815B}.Debug|Any CPU.Build.0 = Debug|Any CPU
		{CDD3180F-5E86-4486-8B18-3144CA3C815B}.Release|Any CPU.ActiveCfg = Release|Any CPU
		{CDD3180F-5E86-4486-8B18-3144CA3C815B}.Release|Any CPU.Build.0 = Release|Any CPU
		{6415ADF5-CE90-4143-BA9E-D1AB52D56C97}.Debug|Any CPU.ActiveCfg = Debug|Any CPU
		{6415ADF5-CE90-4143-BA9E-D1AB52D56C97}.Debug|Any CPU.Build.0 = Debug|Any CPU
		{6415ADF5-CE90-4143-BA9E-D1AB52D56C97}.Release|Any CPU.ActiveCfg = Release|Any CPU
		{6415ADF5-CE90-4143-BA9E-D1AB52D56C97}.Release|Any CPU.Build.0 = Release|Any CPU
		{AA246681-A3A0-4B70-A825-C05C481C7D08}.Debug|Any CPU.ActiveCfg = Debug|Any CPU
		{AA246681-A3A0-4B70-A825-C05C481C7D08}.Debug|Any CPU.Build.0 = Debug|Any CPU
		{AA246681-A3A0-4B70-A825-C05C481C7D08}.Release|Any CPU.ActiveCfg = Release|Any CPU
		{AA246681-A3A0-4B70-A825-C05C481C7D08}.Release|Any CPU.Build.0 = Release|Any CPU
		{FFC8456C-503D-4F91-92F2-84E00CB96DFD}.Debug|Any CPU.ActiveCfg = Debug|Any CPU
		{FFC8456C-503D-4F91-92F2-84E00CB96DFD}.Debug|Any CPU.Build.0 = Debug|Any CPU
		{FFC8456C-503D-4F91-92F2-84E00CB96DFD}.Release|Any CPU.ActiveCfg = Release|Any CPU
		{FFC8456C-503D-4F91-92F2-84E00CB96DFD}.Release|Any CPU.Build.0 = Release|Any CPU
		{49555753-11B8-40AC-B5E8-9B0CE350CBD6}.Debug|Any CPU.ActiveCfg = Debug|Any CPU
		{49555753-11B8-40AC-B5E8-9B0CE350CBD6}.Debug|Any CPU.Build.0 = Debug|Any CPU
		{49555753-11B8-40AC-B5E8-9B0CE350CBD6}.Release|Any CPU.ActiveCfg = Release|Any CPU
		{49555753-11B8-40AC-B5E8-9B0CE350CBD6}.Release|Any CPU.Build.0 = Release|Any CPU
		{469FF5B5-5987-4D2C-A04A-A48CCD74887B}.Debug|Any CPU.ActiveCfg = Debug|Any CPU
		{469FF5B5-5987-4D2C-A04A-A48CCD74887B}.Debug|Any CPU.Build.0 = Debug|Any CPU
		{469FF5B5-5987-4D2C-A04A-A48CCD74887B}.Release|Any CPU.ActiveCfg = Release|Any CPU
		{469FF5B5-5987-4D2C-A04A-A48CCD74887B}.Release|Any CPU.Build.0 = Release|Any CPU
		{9DCFBF34-10D5-43C2-BE75-2A1C969667F7}.Debug|Any CPU.ActiveCfg = Debug|Any CPU
		{9DCFBF34-10D5-43C2-BE75-2A1C969667F7}.Debug|Any CPU.Build.0 = Debug|Any CPU
		{9DCFBF34-10D5-43C2-BE75-2A1C969667F7}.Release|Any CPU.ActiveCfg = Release|Any CPU
		{9DCFBF34-10D5-43C2-BE75-2A1C969667F7}.Release|Any CPU.Build.0 = Release|Any CPU
		{1CE548C8-BEEC-4C04-AD6D-F8E74E936471}.Debug|Any CPU.ActiveCfg = Debug|Any CPU
		{1CE548C8-BEEC-4C04-AD6D-F8E74E936471}.Debug|Any CPU.Build.0 = Debug|Any CPU
		{1CE548C8-BEEC-4C04-AD6D-F8E74E936471}.Release|Any CPU.ActiveCfg = Release|Any CPU
		{1CE548C8-BEEC-4C04-AD6D-F8E74E936471}.Release|Any CPU.Build.0 = Release|Any CPU
		{C4A1C1CE-08E9-4838-AFE0-8A278FE16BB8}.Debug|Any CPU.ActiveCfg = Debug|Any CPU
		{C4A1C1CE-08E9-4838-AFE0-8A278FE16BB8}.Debug|Any CPU.Build.0 = Debug|Any CPU
		{C4A1C1CE-08E9-4838-AFE0-8A278FE16BB8}.Release|Any CPU.ActiveCfg = Release|Any CPU
		{C4A1C1CE-08E9-4838-AFE0-8A278FE16BB8}.Release|Any CPU.Build.0 = Release|Any CPU
		{159E599E-02BB-43B3-ADA5-D6B5936C361F}.Debug|Any CPU.ActiveCfg = Debug|Any CPU
		{159E599E-02BB-43B3-ADA5-D6B5936C361F}.Debug|Any CPU.Build.0 = Debug|Any CPU
		{159E599E-02BB-43B3-ADA5-D6B5936C361F}.Release|Any CPU.ActiveCfg = Release|Any CPU
		{159E599E-02BB-43B3-ADA5-D6B5936C361F}.Release|Any CPU.Build.0 = Release|Any CPU
		{ABD8B3E0-8102-4DFF-895B-33596608937E}.Debug|Any CPU.ActiveCfg = Debug|Any CPU
		{ABD8B3E0-8102-4DFF-895B-33596608937E}.Debug|Any CPU.Build.0 = Debug|Any CPU
		{ABD8B3E0-8102-4DFF-895B-33596608937E}.Release|Any CPU.ActiveCfg = Release|Any CPU
		{ABD8B3E0-8102-4DFF-895B-33596608937E}.Release|Any CPU.Build.0 = Release|Any CPU
		{96D71D9D-EF93-4E38-843B-6A0F9E18DBF9}.Debug|Any CPU.ActiveCfg = Debug|Any CPU
		{96D71D9D-EF93-4E38-843B-6A0F9E18DBF9}.Debug|Any CPU.Build.0 = Debug|Any CPU
		{96D71D9D-EF93-4E38-843B-6A0F9E18DBF9}.Release|Any CPU.ActiveCfg = Release|Any CPU
		{96D71D9D-EF93-4E38-843B-6A0F9E18DBF9}.Release|Any CPU.Build.0 = Release|Any CPU
		{F92BF427-363D-458E-816C-39BD17D104BD}.Debug|Any CPU.ActiveCfg = Debug|Any CPU
		{F92BF427-363D-458E-816C-39BD17D104BD}.Debug|Any CPU.Build.0 = Debug|Any CPU
		{F92BF427-363D-458E-816C-39BD17D104BD}.Release|Any CPU.ActiveCfg = Release|Any CPU
		{F92BF427-363D-458E-816C-39BD17D104BD}.Release|Any CPU.Build.0 = Release|Any CPU
		{CC01EB42-9B54-42DC-8A9E-109F2F1AB326}.Debug|Any CPU.ActiveCfg = Debug|Any CPU
		{CC01EB42-9B54-42DC-8A9E-109F2F1AB326}.Debug|Any CPU.Build.0 = Debug|Any CPU
		{CC01EB42-9B54-42DC-8A9E-109F2F1AB326}.Release|Any CPU.ActiveCfg = Release|Any CPU
		{CC01EB42-9B54-42DC-8A9E-109F2F1AB326}.Release|Any CPU.Build.0 = Release|Any CPU
	EndGlobalSection
	GlobalSection(SolutionProperties) = preSolution
		HideSolutionNode = FALSE
	EndGlobalSection
	GlobalSection(ExtensibilityGlobals) = postSolution
		SolutionGuid = {E128F41B-27CD-45E3-B22F-B913083DD702}
	EndGlobalSection
EndGlobal
