
Microsoft Visual Studio Solution File, Format Version 12.00
# Visual Studio Version 17
VisualStudioVersion = 17.2.32526.322
MinimumVisualStudioVersion = 10.0.40219.1
Project("{9A19103F-16F7-4668-BE54-9A1E7A4F7556}") = "4-1-4", "SkillFactoryModule4\4-1-4.csproj", "{32795A42-6C08-4833-A6C0-ADAE39AD625E}"
EndProject
Project("{9A19103F-16F7-4668-BE54-9A1E7A4F7556}") = "4-1-5", "4-1-5\4-1-5.csproj", "{30087E3B-5E61-4E29-BA75-CFE6C38DAD00}"
EndProject
Project("{9A19103F-16F7-4668-BE54-9A1E7A4F7556}") = "4-1-12", "4-1-12\4-1-12.csproj", "{A74D60A5-2069-4BDC-B124-4815B72C4F3C}"
EndProject
Project("{9A19103F-16F7-4668-BE54-9A1E7A4F7556}") = "4-1-17", "4-1-17\4-1-17.csproj", "{7D4CE113-5658-4966-8332-D792032B2955}"
EndProject
Project("{9A19103F-16F7-4668-BE54-9A1E7A4F7556}") = "4-2-11", "4-2-11\4-2-11.csproj", "{CDD3180F-5E86-4486-8B18-3144CA3C815B}"
EndProject
Project("{9A19103F-16F7-4668-BE54-9A1E7A4F7556}") = "4-2-13", "4-2-13\4-2-13.csproj", "{6415ADF5-CE90-4143-BA9E-D1AB52D56C97}"
EndProject
Project("{9A19103F-16F7-4668-BE54-9A1E7A4F7556}") = "4-3-7", "4-3-7\4-3-7.csproj", "{AA246681-A3A0-4B70-A825-C05C481C7D08}"
EndProject
Project("{9A19103F-16F7-4668-BE54-9A1E7A4F7556}") = "4-3-11", "4-3-11\4-3-11.csproj", "{FFC8456C-503D-4F91-92F2-84E00CB96DFD}"
EndProject
Project("{9A19103F-16F7-4668-BE54-9A1E7A4F7556}") = "4-3-12", "4-3-12\4-3-12.csproj", "{49555753-11B8-40AC-B5E8-9B0CE350CBD6}"
EndProject
Project("{9A19103F-16F7-4668-BE54-9A1E7A4F7556}") = "4-3-13", "4-3-13\4-3-13.csproj", "{469FF5B5-5987-4D2C-A04A-A48CCD74887B}"
EndProject
Project("{9A19103F-16F7-4668-BE54-9A1E7A4F7556}") = "4-3-14", "4-3-14\4-3-14.csproj", "{9DCFBF34-10D5-43C2-BE75-2A1C969667F7}"
EndProject
Project("{9A19103F-16F7-4668-BE54-9A1E7A4F7556}") = "4-3-15", "4-3-15\4-3-15.csproj", "{1CE548C8-BEEC-4C04-AD6D-F8E74E936471}"
EndProject
Project("{9A19103F-16F7-4668-BE54-9A1E7A4F7556}") = "4-3-16", "4-3-16\4-3-16.csproj", "{C4A1C1CE-08E9-4838-AFE0-8A278FE16BB8}"
EndProject
Project("{9A19103F-16F7-4668-BE54-9A1E7A4F7556}") = "4-3-17", "4-3-17\4-3-17.csproj", "{159E599E-02BB-43B3-ADA5-D6B5936C361F}"
EndProject
Project("{9A19103F-16F7-4668-BE54-9A1E7A4F7556}") = "4-4-2", "4-4-2\4-4-2.csproj", "{ABD8B3E0-8102-4DFF-895B-33596608937E}"
EndProject
Project("{9A19103F-16F7-4668-BE54-9A1E7A4F7556}") = "4-4-3", "4-4-3\4-4-3.csproj", "{96D71D9D-EF93-4E38-843B-6A0F9E18DBF9}"
EndProject
Project("{9A19103F-16F7-4668-BE54-9A1E7A4F7556}") = "4-4-5", "4-4-5\4-4-5.csproj", "{F92BF427-363D-458E-816C-39BD17D104BD}"
EndProject
Project("{9A19103F-16F7-4668-BE54-9A1E7A4F7556}") = "4-5", "4-5\4-5.csproj", "{CC01EB42-9B54-42DC-8A9E-109F2F1AB326}"
EndProject
Project("{9A19103F-16F7-4668-BE54-9A1E7A4F7556}") = "5-1-6", "5\5-1-6.csproj", "{DCE23717-6A83-4723-98AF-B430CD7586C6}"
EndProject
Project("{9A19103F-16F7-4668-BE54-9A1E7A4F7556}") = "5-2-14", "5-2-14\5-2-14.csproj", "{A7E7B9E4-5ABF-484C-BD1B-002A78E96DE6}"
EndProject
Project("{9A19103F-16F7-4668-BE54-9A1E7A4F7556}") = "5-3-13", "5.3.13\5-3-13.csproj", "{16615198-4C07-420F-93FA-53784F667B27}"
EndProject
Project("{9A19103F-16F7-4668-BE54-9A1E7A4F7556}") = "5-5-3", "5-5-3\5-5-3.csproj", "{C2429C66-6E0A-4CDE-BD14-3E0EF9EAC0CC}"
EndProject
Project("{9A19103F-16F7-4668-BE54-9A1E7A4F7556}") = "5-5-8", "5-5-8\5-5-8.csproj", "{A7451145-A174-4412-9291-3C4DE8CBCC6C}"
EndProject
Project("{9A19103F-16F7-4668-BE54-9A1E7A4F7556}") = "5-6", "5-6\5-6.csproj", "{AFDD7491-5672-4897-8C79-F057062E4DEE}"
EndProject
Project("{9A19103F-16F7-4668-BE54-9A1E7A4F7556}") = "6-2-8", "6-2-8\6-2-8.csproj", "{5DC204A0-2680-486F-8591-8DB56FCD314B}"
EndProject
Project("{9A19103F-16F7-4668-BE54-9A1E7A4F7556}") = "6-3-1", "6-3-1\6-3-1.csproj", "{C95236B2-CDBA-4484-917E-E0EAD91FB163}"
EndProject
Project("{9A19103F-16F7-4668-BE54-9A1E7A4F7556}") = "6-3-2", "6-3-2\6-3-2.csproj", "{51CEBADF-9CE3-4C24-A7CD-5073B7158617}"
EndProject
Project("{9A19103F-16F7-4668-BE54-9A1E7A4F7556}") = "6-5-2", "6-5-2\6-5-2.csproj", "{4C53E305-7492-42AF-88C0-EFF18EF9D382}"
EndProject
Project("{9A19103F-16F7-4668-BE54-9A1E7A4F7556}") = "6-6-1", "6-6-1\6-6-1.csproj", "{4841B8AF-E7F8-4BD8-ACD3-5A459E13E9A6}"
EndProject
Project("{9A19103F-16F7-4668-BE54-9A1E7A4F7556}") = "6-6-2", "6-6-2\6-6-2.csproj", "{0F6A27BB-0D3C-424E-A96C-4062B35DA7E1}"
EndProject
Project("{9A19103F-16F7-4668-BE54-9A1E7A4F7556}") = "7-1-5", "7-1-5\7-1-5.csproj", "{EE9C502C-B585-483C-9EED-1F23C4F0D6B0}"
EndProject
Project("{9A19103F-16F7-4668-BE54-9A1E7A4F7556}") = "7-1-10", "7-1-10\7-1-10.csproj", "{1C889AF0-5EC7-4007-8467-4EA9C9EC76C4}"
EndProject
Project("{9A19103F-16F7-4668-BE54-9A1E7A4F7556}") = "7-2-3", "7-2-3\7-2-3.csproj", "{C3E11764-39ED-47E6-9CFB-FA0A2B138E67}"
EndProject
Project("{9A19103F-16F7-4668-BE54-9A1E7A4F7556}") = "7-2-7", "7-2-7\7-2-7.csproj", "{0FB988E3-28A1-431B-B9FB-83427DF117AD}"
EndProject
Project("{9A19103F-16F7-4668-BE54-9A1E7A4F7556}") = "7-2-12", "7-2-12\7-2-12.csproj", "{706F5BE3-D414-4912-803A-6CE9A964C23D}"
EndProject
Project("{9A19103F-16F7-4668-BE54-9A1E7A4F7556}") = "7-2-14", "7-2-14\7-2-14.csproj", "{BC5A3BC3-834E-4FB6-8911-E272362319D7}"
EndProject
Project("{9A19103F-16F7-4668-BE54-9A1E7A4F7556}") = "7-3-3", "7-3-3\7-3-3.csproj", "{B229E473-8A61-4B2D-8254-A1706A0D503E}"
EndProject
Project("{FAE04EC0-301F-11D3-BF4B-00C04F79EFBC}") = "7-5-3", "7-5-3\7-5-3.csproj", "{7E82220D-21EC-4DBC-BD2B-A8F83BF832BF}"
EndProject
Global
	GlobalSection(SolutionConfigurationPlatforms) = preSolution
		Debug|Any CPU = Debug|Any CPU
		Release|Any CPU = Release|Any CPU
	EndGlobalSection
	GlobalSection(ProjectConfigurationPlatforms) = postSolution
		{32795A42-6C08-4833-A6C0-ADAE39AD625E}.Debug|Any CPU.ActiveCfg = Debug|Any CPU
		{32795A42-6C08-4833-A6C0-ADAE39AD625E}.Debug|Any CPU.Build.0 = Debug|Any CPU
		{32795A42-6C08-4833-A6C0-ADAE39AD625E}.Release|Any CPU.ActiveCfg = Release|Any CPU
		{32795A42-6C08-4833-A6C0-ADAE39AD625E}.Release|Any CPU.Build.0 = Release|Any CPU
		{30087E3B-5E61-4E29-BA75-CFE6C38DAD00}.Debug|Any CPU.ActiveCfg = Debug|Any CPU
		{30087E3B-5E61-4E29-BA75-CFE6C38DAD00}.Debug|Any CPU.Build.0 = Debug|Any CPU
		{30087E3B-5E61-4E29-BA75-CFE6C38DAD00}.Release|Any CPU.ActiveCfg = Release|Any CPU
		{30087E3B-5E61-4E29-BA75-CFE6C38DAD00}.Release|Any CPU.Build.0 = Release|Any CPU
		{A74D60A5-2069-4BDC-B124-4815B72C4F3C}.Debug|Any CPU.ActiveCfg = Debug|Any CPU
		{A74D60A5-2069-4BDC-B124-4815B72C4F3C}.Debug|Any CPU.Build.0 = Debug|Any CPU
		{A74D60A5-2069-4BDC-B124-4815B72C4F3C}.Release|Any CPU.ActiveCfg = Release|Any CPU
		{A74D60A5-2069-4BDC-B124-4815B72C4F3C}.Release|Any CPU.Build.0 = Release|Any CPU
		{7D4CE113-5658-4966-8332-D792032B2955}.Debug|Any CPU.ActiveCfg = Debug|Any CPU
		{7D4CE113-5658-4966-8332-D792032B2955}.Debug|Any CPU.Build.0 = Debug|Any CPU
		{7D4CE113-5658-4966-8332-D792032B2955}.Release|Any CPU.ActiveCfg = Release|Any CPU
		{7D4CE113-5658-4966-8332-D792032B2955}.Release|Any CPU.Build.0 = Release|Any CPU
		{CDD3180F-5E86-4486-8B18-3144CA3C815B}.Debug|Any CPU.ActiveCfg = Debug|Any CPU
		{CDD3180F-5E86-4486-8B18-3144CA3C815B}.Debug|Any CPU.Build.0 = Debug|Any CPU
		{CDD3180F-5E86-4486-8B18-3144CA3C815B}.Release|Any CPU.ActiveCfg = Release|Any CPU
		{CDD3180F-5E86-4486-8B18-3144CA3C815B}.Release|Any CPU.Build.0 = Release|Any CPU
		{6415ADF5-CE90-4143-BA9E-D1AB52D56C97}.Debug|Any CPU.ActiveCfg = Debug|Any CPU
		{6415ADF5-CE90-4143-BA9E-D1AB52D56C97}.Debug|Any CPU.Build.0 = Debug|Any CPU
		{6415ADF5-CE90-4143-BA9E-D1AB52D56C97}.Release|Any CPU.ActiveCfg = Release|Any CPU
		{6415ADF5-CE90-4143-BA9E-D1AB52D56C97}.Release|Any CPU.Build.0 = Release|Any CPU
		{AA246681-A3A0-4B70-A825-C05C481C7D08}.Debug|Any CPU.ActiveCfg = Debug|Any CPU
		{AA246681-A3A0-4B70-A825-C05C481C7D08}.Debug|Any CPU.Build.0 = Debug|Any CPU
		{AA246681-A3A0-4B70-A825-C05C481C7D08}.Release|Any CPU.ActiveCfg = Release|Any CPU
		{AA246681-A3A0-4B70-A825-C05C481C7D08}.Release|Any CPU.Build.0 = Release|Any CPU
		{FFC8456C-503D-4F91-92F2-84E00CB96DFD}.Debug|Any CPU.ActiveCfg = Debug|Any CPU
		{FFC8456C-503D-4F91-92F2-84E00CB96DFD}.Debug|Any CPU.Build.0 = Debug|Any CPU
		{FFC8456C-503D-4F91-92F2-84E00CB96DFD}.Release|Any CPU.ActiveCfg = Release|Any CPU
		{FFC8456C-503D-4F91-92F2-84E00CB96DFD}.Release|Any CPU.Build.0 = Release|Any CPU
		{49555753-11B8-40AC-B5E8-9B0CE350CBD6}.Debug|Any CPU.ActiveCfg = Debug|Any CPU
		{49555753-11B8-40AC-B5E8-9B0CE350CBD6}.Debug|Any CPU.Build.0 = Debug|Any CPU
		{49555753-11B8-40AC-B5E8-9B0CE350CBD6}.Release|Any CPU.ActiveCfg = Release|Any CPU
		{49555753-11B8-40AC-B5E8-9B0CE350CBD6}.Release|Any CPU.Build.0 = Release|Any CPU
		{469FF5B5-5987-4D2C-A04A-A48CCD74887B}.Debug|Any CPU.ActiveCfg = Debug|Any CPU
		{469FF5B5-5987-4D2C-A04A-A48CCD74887B}.Debug|Any CPU.Build.0 = Debug|Any CPU
		{469FF5B5-5987-4D2C-A04A-A48CCD74887B}.Release|Any CPU.ActiveCfg = Release|Any CPU
		{469FF5B5-5987-4D2C-A04A-A48CCD74887B}.Release|Any CPU.Build.0 = Release|Any CPU
		{9DCFBF34-10D5-43C2-BE75-2A1C969667F7}.Debug|Any CPU.ActiveCfg = Debug|Any CPU
		{9DCFBF34-10D5-43C2-BE75-2A1C969667F7}.Debug|Any CPU.Build.0 = Debug|Any CPU
		{9DCFBF34-10D5-43C2-BE75-2A1C969667F7}.Release|Any CPU.ActiveCfg = Release|Any CPU
		{9DCFBF34-10D5-43C2-BE75-2A1C969667F7}.Release|Any CPU.Build.0 = Release|Any CPU
		{1CE548C8-BEEC-4C04-AD6D-F8E74E936471}.Debug|Any CPU.ActiveCfg = Debug|Any CPU
		{1CE548C8-BEEC-4C04-AD6D-F8E74E936471}.Debug|Any CPU.Build.0 = Debug|Any CPU
		{1CE548C8-BEEC-4C04-AD6D-F8E74E936471}.Release|Any CPU.ActiveCfg = Release|Any CPU
		{1CE548C8-BEEC-4C04-AD6D-F8E74E936471}.Release|Any CPU.Build.0 = Release|Any CPU
		{C4A1C1CE-08E9-4838-AFE0-8A278FE16BB8}.Debug|Any CPU.ActiveCfg = Debug|Any CPU
		{C4A1C1CE-08E9-4838-AFE0-8A278FE16BB8}.Debug|Any CPU.Build.0 = Debug|Any CPU
		{C4A1C1CE-08E9-4838-AFE0-8A278FE16BB8}.Release|Any CPU.ActiveCfg = Release|Any CPU
		{C4A1C1CE-08E9-4838-AFE0-8A278FE16BB8}.Release|Any CPU.Build.0 = Release|Any CPU
		{159E599E-02BB-43B3-ADA5-D6B5936C361F}.Debug|Any CPU.ActiveCfg = Debug|Any CPU
		{159E599E-02BB-43B3-ADA5-D6B5936C361F}.Debug|Any CPU.Build.0 = Debug|Any CPU
		{159E599E-02BB-43B3-ADA5-D6B5936C361F}.Release|Any CPU.ActiveCfg = Release|Any CPU
		{159E599E-02BB-43B3-ADA5-D6B5936C361F}.Release|Any CPU.Build.0 = Release|Any CPU
		{ABD8B3E0-8102-4DFF-895B-33596608937E}.Debug|Any CPU.ActiveCfg = Debug|Any CPU
		{ABD8B3E0-8102-4DFF-895B-33596608937E}.Debug|Any CPU.Build.0 = Debug|Any CPU
		{ABD8B3E0-8102-4DFF-895B-33596608937E}.Release|Any CPU.ActiveCfg = Release|Any CPU
		{ABD8B3E0-8102-4DFF-895B-33596608937E}.Release|Any CPU.Build.0 = Release|Any CPU
		{96D71D9D-EF93-4E38-843B-6A0F9E18DBF9}.Debug|Any CPU.ActiveCfg = Debug|Any CPU
		{96D71D9D-EF93-4E38-843B-6A0F9E18DBF9}.Debug|Any CPU.Build.0 = Debug|Any CPU
		{96D71D9D-EF93-4E38-843B-6A0F9E18DBF9}.Release|Any CPU.ActiveCfg = Release|Any CPU
		{96D71D9D-EF93-4E38-843B-6A0F9E18DBF9}.Release|Any CPU.Build.0 = Release|Any CPU
		{F92BF427-363D-458E-816C-39BD17D104BD}.Debug|Any CPU.ActiveCfg = Debug|Any CPU
		{F92BF427-363D-458E-816C-39BD17D104BD}.Debug|Any CPU.Build.0 = Debug|Any CPU
		{F92BF427-363D-458E-816C-39BD17D104BD}.Release|Any CPU.ActiveCfg = Release|Any CPU
		{F92BF427-363D-458E-816C-39BD17D104BD}.Release|Any CPU.Build.0 = Release|Any CPU
		{CC01EB42-9B54-42DC-8A9E-109F2F1AB326}.Debug|Any CPU.ActiveCfg = Debug|Any CPU
		{CC01EB42-9B54-42DC-8A9E-109F2F1AB326}.Debug|Any CPU.Build.0 = Debug|Any CPU
		{CC01EB42-9B54-42DC-8A9E-109F2F1AB326}.Release|Any CPU.ActiveCfg = Release|Any CPU
		{CC01EB42-9B54-42DC-8A9E-109F2F1AB326}.Release|Any CPU.Build.0 = Release|Any CPU
		{DCE23717-6A83-4723-98AF-B430CD7586C6}.Debug|Any CPU.ActiveCfg = Debug|Any CPU
		{DCE23717-6A83-4723-98AF-B430CD7586C6}.Debug|Any CPU.Build.0 = Debug|Any CPU
		{DCE23717-6A83-4723-98AF-B430CD7586C6}.Release|Any CPU.ActiveCfg = Release|Any CPU
		{DCE23717-6A83-4723-98AF-B430CD7586C6}.Release|Any CPU.Build.0 = Release|Any CPU
		{A7E7B9E4-5ABF-484C-BD1B-002A78E96DE6}.Debug|Any CPU.ActiveCfg = Debug|Any CPU
		{A7E7B9E4-5ABF-484C-BD1B-002A78E96DE6}.Debug|Any CPU.Build.0 = Debug|Any CPU
		{A7E7B9E4-5ABF-484C-BD1B-002A78E96DE6}.Release|Any CPU.ActiveCfg = Release|Any CPU
		{A7E7B9E4-5ABF-484C-BD1B-002A78E96DE6}.Release|Any CPU.Build.0 = Release|Any CPU
		{16615198-4C07-420F-93FA-53784F667B27}.Debug|Any CPU.ActiveCfg = Debug|Any CPU
		{16615198-4C07-420F-93FA-53784F667B27}.Debug|Any CPU.Build.0 = Debug|Any CPU
		{16615198-4C07-420F-93FA-53784F667B27}.Release|Any CPU.ActiveCfg = Release|Any CPU
		{16615198-4C07-420F-93FA-53784F667B27}.Release|Any CPU.Build.0 = Release|Any CPU
		{C2429C66-6E0A-4CDE-BD14-3E0EF9EAC0CC}.Debug|Any CPU.ActiveCfg = Debug|Any CPU
		{C2429C66-6E0A-4CDE-BD14-3E0EF9EAC0CC}.Debug|Any CPU.Build.0 = Debug|Any CPU
		{C2429C66-6E0A-4CDE-BD14-3E0EF9EAC0CC}.Release|Any CPU.ActiveCfg = Release|Any CPU
		{C2429C66-6E0A-4CDE-BD14-3E0EF9EAC0CC}.Release|Any CPU.Build.0 = Release|Any CPU
		{A7451145-A174-4412-9291-3C4DE8CBCC6C}.Debug|Any CPU.ActiveCfg = Debug|Any CPU
		{A7451145-A174-4412-9291-3C4DE8CBCC6C}.Debug|Any CPU.Build.0 = Debug|Any CPU
		{A7451145-A174-4412-9291-3C4DE8CBCC6C}.Release|Any CPU.ActiveCfg = Release|Any CPU
		{A7451145-A174-4412-9291-3C4DE8CBCC6C}.Release|Any CPU.Build.0 = Release|Any CPU
		{AFDD7491-5672-4897-8C79-F057062E4DEE}.Debug|Any CPU.ActiveCfg = Debug|Any CPU
		{AFDD7491-5672-4897-8C79-F057062E4DEE}.Debug|Any CPU.Build.0 = Debug|Any CPU
		{AFDD7491-5672-4897-8C79-F057062E4DEE}.Release|Any CPU.ActiveCfg = Release|Any CPU
		{AFDD7491-5672-4897-8C79-F057062E4DEE}.Release|Any CPU.Build.0 = Release|Any CPU
		{5DC204A0-2680-486F-8591-8DB56FCD314B}.Debug|Any CPU.ActiveCfg = Debug|Any CPU
		{5DC204A0-2680-486F-8591-8DB56FCD314B}.Debug|Any CPU.Build.0 = Debug|Any CPU
		{5DC204A0-2680-486F-8591-8DB56FCD314B}.Release|Any CPU.ActiveCfg = Release|Any CPU
		{5DC204A0-2680-486F-8591-8DB56FCD314B}.Release|Any CPU.Build.0 = Release|Any CPU
		{C95236B2-CDBA-4484-917E-E0EAD91FB163}.Debug|Any CPU.ActiveCfg = Debug|Any CPU
		{C95236B2-CDBA-4484-917E-E0EAD91FB163}.Debug|Any CPU.Build.0 = Debug|Any CPU
		{C95236B2-CDBA-4484-917E-E0EAD91FB163}.Release|Any CPU.ActiveCfg = Release|Any CPU
		{C95236B2-CDBA-4484-917E-E0EAD91FB163}.Release|Any CPU.Build.0 = Release|Any CPU
		{51CEBADF-9CE3-4C24-A7CD-5073B7158617}.Debug|Any CPU.ActiveCfg = Debug|Any CPU
		{51CEBADF-9CE3-4C24-A7CD-5073B7158617}.Debug|Any CPU.Build.0 = Debug|Any CPU
		{51CEBADF-9CE3-4C24-A7CD-5073B7158617}.Release|Any CPU.ActiveCfg = Release|Any CPU
		{51CEBADF-9CE3-4C24-A7CD-5073B7158617}.Release|Any CPU.Build.0 = Release|Any CPU
		{4C53E305-7492-42AF-88C0-EFF18EF9D382}.Debug|Any CPU.ActiveCfg = Debug|Any CPU
		{4C53E305-7492-42AF-88C0-EFF18EF9D382}.Debug|Any CPU.Build.0 = Debug|Any CPU
		{4C53E305-7492-42AF-88C0-EFF18EF9D382}.Release|Any CPU.ActiveCfg = Release|Any CPU
		{4C53E305-7492-42AF-88C0-EFF18EF9D382}.Release|Any CPU.Build.0 = Release|Any CPU
		{4841B8AF-E7F8-4BD8-ACD3-5A459E13E9A6}.Debug|Any CPU.ActiveCfg = Debug|Any CPU
		{4841B8AF-E7F8-4BD8-ACD3-5A459E13E9A6}.Debug|Any CPU.Build.0 = Debug|Any CPU
		{4841B8AF-E7F8-4BD8-ACD3-5A459E13E9A6}.Release|Any CPU.ActiveCfg = Release|Any CPU
		{4841B8AF-E7F8-4BD8-ACD3-5A459E13E9A6}.Release|Any CPU.Build.0 = Release|Any CPU
		{0F6A27BB-0D3C-424E-A96C-4062B35DA7E1}.Debug|Any CPU.ActiveCfg = Debug|Any CPU
		{0F6A27BB-0D3C-424E-A96C-4062B35DA7E1}.Debug|Any CPU.Build.0 = Debug|Any CPU
		{0F6A27BB-0D3C-424E-A96C-4062B35DA7E1}.Release|Any CPU.ActiveCfg = Release|Any CPU
		{0F6A27BB-0D3C-424E-A96C-4062B35DA7E1}.Release|Any CPU.Build.0 = Release|Any CPU
		{EE9C502C-B585-483C-9EED-1F23C4F0D6B0}.Debug|Any CPU.ActiveCfg = Debug|Any CPU
		{EE9C502C-B585-483C-9EED-1F23C4F0D6B0}.Debug|Any CPU.Build.0 = Debug|Any CPU
		{EE9C502C-B585-483C-9EED-1F23C4F0D6B0}.Release|Any CPU.ActiveCfg = Release|Any CPU
		{EE9C502C-B585-483C-9EED-1F23C4F0D6B0}.Release|Any CPU.Build.0 = Release|Any CPU
		{1C889AF0-5EC7-4007-8467-4EA9C9EC76C4}.Debug|Any CPU.ActiveCfg = Debug|Any CPU
		{1C889AF0-5EC7-4007-8467-4EA9C9EC76C4}.Debug|Any CPU.Build.0 = Debug|Any CPU
		{1C889AF0-5EC7-4007-8467-4EA9C9EC76C4}.Release|Any CPU.ActiveCfg = Release|Any CPU
		{1C889AF0-5EC7-4007-8467-4EA9C9EC76C4}.Release|Any CPU.Build.0 = Release|Any CPU
		{C3E11764-39ED-47E6-9CFB-FA0A2B138E67}.Debug|Any CPU.ActiveCfg = Debug|Any CPU
		{C3E11764-39ED-47E6-9CFB-FA0A2B138E67}.Debug|Any CPU.Build.0 = Debug|Any CPU
		{C3E11764-39ED-47E6-9CFB-FA0A2B138E67}.Release|Any CPU.ActiveCfg = Release|Any CPU
		{C3E11764-39ED-47E6-9CFB-FA0A2B138E67}.Release|Any CPU.Build.0 = Release|Any CPU
		{0FB988E3-28A1-431B-B9FB-83427DF117AD}.Debug|Any CPU.ActiveCfg = Debug|Any CPU
		{0FB988E3-28A1-431B-B9FB-83427DF117AD}.Debug|Any CPU.Build.0 = Debug|Any CPU
		{0FB988E3-28A1-431B-B9FB-83427DF117AD}.Release|Any CPU.ActiveCfg = Release|Any CPU
		{0FB988E3-28A1-431B-B9FB-83427DF117AD}.Release|Any CPU.Build.0 = Release|Any CPU
		{706F5BE3-D414-4912-803A-6CE9A964C23D}.Debug|Any CPU.ActiveCfg = Debug|Any CPU
		{706F5BE3-D414-4912-803A-6CE9A964C23D}.Debug|Any CPU.Build.0 = Debug|Any CPU
		{706F5BE3-D414-4912-803A-6CE9A964C23D}.Release|Any CPU.ActiveCfg = Release|Any CPU
		{706F5BE3-D414-4912-803A-6CE9A964C23D}.Release|Any CPU.Build.0 = Release|Any CPU
		{BC5A3BC3-834E-4FB6-8911-E272362319D7}.Debug|Any CPU.ActiveCfg = Debug|Any CPU
		{BC5A3BC3-834E-4FB6-8911-E272362319D7}.Debug|Any CPU.Build.0 = Debug|Any CPU
		{BC5A3BC3-834E-4FB6-8911-E272362319D7}.Release|Any CPU.ActiveCfg = Release|Any CPU
		{BC5A3BC3-834E-4FB6-8911-E272362319D7}.Release|Any CPU.Build.0 = Release|Any CPU
		{B229E473-8A61-4B2D-8254-A1706A0D503E}.Debug|Any CPU.ActiveCfg = Debug|Any CPU
		{B229E473-8A61-4B2D-8254-A1706A0D503E}.Debug|Any CPU.Build.0 = Debug|Any CPU
		{B229E473-8A61-4B2D-8254-A1706A0D503E}.Release|Any CPU.ActiveCfg = Release|Any CPU
		{B229E473-8A61-4B2D-8254-A1706A0D503E}.Release|Any CPU.Build.0 = Release|Any CPU
		{7E82220D-21EC-4DBC-BD2B-A8F83BF832BF}.Debug|Any CPU.ActiveCfg = Debug|Any CPU
		{7E82220D-21EC-4DBC-BD2B-A8F83BF832BF}.Debug|Any CPU.Build.0 = Debug|Any CPU
		{7E82220D-21EC-4DBC-BD2B-A8F83BF832BF}.Release|Any CPU.ActiveCfg = Release|Any CPU
		{7E82220D-21EC-4DBC-BD2B-A8F83BF832BF}.Release|Any CPU.Build.0 = Release|Any CPU
	EndGlobalSection
	GlobalSection(SolutionProperties) = preSolution
		HideSolutionNode = FALSE
	EndGlobalSection
	GlobalSection(ExtensibilityGlobals) = postSolution
		SolutionGuid = {E128F41B-27CD-45E3-B22F-B913083DD702}
	EndGlobalSection
EndGlobal
